// !$*UTF8*$!
{
	archiveVersion = 1;
	classes = {
	};
	objectVersion = 46;
	objects = {

/* Begin PBXBuildFile section */
		4F22A3DD1B349C4B00CBEEA2 /* RyansFilterViewController.m in Sources */ = {isa = PBXBuildFile; fileRef = 4F22A3DC1B349C4B00CBEEA2 /* RyansFilterViewController.m */; };
		830349C31B0BBDCD000B03C0 /* MHCollapsibleSection.m in Sources */ = {isa = PBXBuildFile; fileRef = 830349C21B0BBDCD000B03C0 /* MHCollapsibleSection.m */; };
		8323EF391B0539C5006D2B63 /* MHFilterLabel.m in Sources */ = {isa = PBXBuildFile; fileRef = 8323EF381B0539C5006D2B63 /* MHFilterLabel.m */; };
		8389AA8B1B0A5CC1009CBAB3 /* MHTableViewCell.m in Sources */ = {isa = PBXBuildFile; fileRef = 8389AA8A1B0A5CC1009CBAB3 /* MHTableViewCell.m */; };
		83ACD4871B190CF9000F6F05 /* MHCollapseDownArrow.png in Resources */ = {isa = PBXBuildFile; fileRef = 83ACD4851B190CF9000F6F05 /* MHCollapseDownArrow.png */; };
		83ACD4881B190CF9000F6F05 /* MHCollapseUpArrow.png in Resources */ = {isa = PBXBuildFile; fileRef = 83ACD4861B190CF9000F6F05 /* MHCollapseUpArrow.png */; };
		83B11E2D1B28B40A00DE28AE /* MHPackagedFilter.m in Sources */ = {isa = PBXBuildFile; fileRef = 83B11E2C1B28B40A00DE28AE /* MHPackagedFilter.m */; };
		83B11E301B28BB3A00DE28AE /* MHKeyValuePair.m in Sources */ = {isa = PBXBuildFile; fileRef = 83B11E2F1B28BB3A00DE28AE /* MHKeyValuePair.m */; };
		83B7FC5E1B2F2A8800BD0441 /* Localizable.strings in Resources */ = {isa = PBXBuildFile; fileRef = 83B7FC601B2F2A8800BD0441 /* Localizable.strings */; };
		83D4CB0A1B023845001C9A72 /* main.m in Sources */ = {isa = PBXBuildFile; fileRef = 83D4CB091B023845001C9A72 /* main.m */; };
		83D4CB0D1B023845001C9A72 /* AppDelegate.m in Sources */ = {isa = PBXBuildFile; fileRef = 83D4CB0C1B023845001C9A72 /* AppDelegate.m */; };
		83D4CB101B023845001C9A72 /* CollapsibleExample.xcdatamodeld in Sources */ = {isa = PBXBuildFile; fileRef = 83D4CB0E1B023845001C9A72 /* CollapsibleExample.xcdatamodeld */; };
		83D4CB161B023845001C9A72 /* Main.storyboard in Resources */ = {isa = PBXBuildFile; fileRef = 83D4CB141B023845001C9A72 /* Main.storyboard */; };
		83D4CB181B023845001C9A72 /* Images.xcassets in Resources */ = {isa = PBXBuildFile; fileRef = 83D4CB171B023845001C9A72 /* Images.xcassets */; };
		83D4CB1B1B023845001C9A72 /* LaunchScreen.xib in Resources */ = {isa = PBXBuildFile; fileRef = 83D4CB191B023845001C9A72 /* LaunchScreen.xib */; };
		83D4CB271B023845001C9A72 /* CollapsibleExampleTests.m in Sources */ = {isa = PBXBuildFile; fileRef = 83D4CB261B023845001C9A72 /* CollapsibleExampleTests.m */; };
		83D4CB3E1B023875001C9A72 /* MHCollapsibleViewManager.m in Sources */ = {isa = PBXBuildFile; fileRef = 83D4CB301B023875001C9A72 /* MHCollapsibleViewManager.m */; };
		83D4CB3F1B023875001C9A72 /* FilterViewController.m in Sources */ = {isa = PBXBuildFile; fileRef = 83D4CB311B023875001C9A72 /* FilterViewController.m */; };
		83D4CB431B023875001C9A72 /* ContactTableViewController.m in Sources */ = {isa = PBXBuildFile; fileRef = 83D4CB3A1B023875001C9A72 /* ContactTableViewController.m */; };
		83D4CB441B023875001C9A72 /* Contact.m in Sources */ = {isa = PBXBuildFile; fileRef = 83D4CB3B1B023875001C9A72 /* Contact.m */; };
		83DB93FE1B2B7E560079D6F4 /* ExampleSubclassFilterViewController.m in Sources */ = {isa = PBXBuildFile; fileRef = 83DB93FD1B2B7E560079D6F4 /* ExampleSubclassFilterViewController.m */; };
/* End PBXBuildFile section */

/* Begin PBXContainerItemProxy section */
		83D4CB211B023845001C9A72 /* PBXContainerItemProxy */ = {
			isa = PBXContainerItemProxy;
			containerPortal = 83D4CAFC1B023845001C9A72 /* Project object */;
			proxyType = 1;
			remoteGlobalIDString = 83D4CB031B023845001C9A72;
			remoteInfo = CollapsibleExample;
		};
/* End PBXContainerItemProxy section */

/* Begin PBXFileReference section */
		4F22A3DB1B349C4B00CBEEA2 /* RyansFilterViewController.h */ = {isa = PBXFileReference; fileEncoding = 4; lastKnownFileType = sourcecode.c.h; path = RyansFilterViewController.h; sourceTree = "<group>"; };
		4F22A3DC1B349C4B00CBEEA2 /* RyansFilterViewController.m */ = {isa = PBXFileReference; fileEncoding = 4; lastKnownFileType = sourcecode.c.objc; path = RyansFilterViewController.m; sourceTree = "<group>"; };
		830349C11B0BBDCD000B03C0 /* MHCollapsibleSection.h */ = {isa = PBXFileReference; fileEncoding = 4; lastKnownFileType = sourcecode.c.h; path = MHCollapsibleSection.h; sourceTree = "<group>"; };
		830349C21B0BBDCD000B03C0 /* MHCollapsibleSection.m */ = {isa = PBXFileReference; fileEncoding = 4; lastKnownFileType = sourcecode.c.objc; path = MHCollapsibleSection.m; sourceTree = "<group>"; };
		8323EF371B0539C5006D2B63 /* MHFilterLabel.h */ = {isa = PBXFileReference; fileEncoding = 4; lastKnownFileType = sourcecode.c.h; path = MHFilterLabel.h; sourceTree = "<group>"; };
		8323EF381B0539C5006D2B63 /* MHFilterLabel.m */ = {isa = PBXFileReference; fileEncoding = 4; lastKnownFileType = sourcecode.c.objc; path = MHFilterLabel.m; sourceTree = "<group>"; };
		8389AA891B0A5CC1009CBAB3 /* MHTableViewCell.h */ = {isa = PBXFileReference; fileEncoding = 4; lastKnownFileType = sourcecode.c.h; path = MHTableViewCell.h; sourceTree = "<group>"; };
		8389AA8A1B0A5CC1009CBAB3 /* MHTableViewCell.m */ = {isa = PBXFileReference; fileEncoding = 4; lastKnownFileType = sourcecode.c.objc; path = MHTableViewCell.m; sourceTree = "<group>"; };
		83ACD4851B190CF9000F6F05 /* MHCollapseDownArrow.png */ = {isa = PBXFileReference; lastKnownFileType = image.png; name = MHCollapseDownArrow.png; path = ../MHCollapseDownArrow.png; sourceTree = "<group>"; };
		83ACD4861B190CF9000F6F05 /* MHCollapseUpArrow.png */ = {isa = PBXFileReference; lastKnownFileType = image.png; name = MHCollapseUpArrow.png; path = ../MHCollapseUpArrow.png; sourceTree = "<group>"; };
		83B11E2B1B28B40A00DE28AE /* MHPackagedFilter.h */ = {isa = PBXFileReference; fileEncoding = 4; lastKnownFileType = sourcecode.c.h; path = MHPackagedFilter.h; sourceTree = "<group>"; };
		83B11E2C1B28B40A00DE28AE /* MHPackagedFilter.m */ = {isa = PBXFileReference; fileEncoding = 4; lastKnownFileType = sourcecode.c.objc; path = MHPackagedFilter.m; sourceTree = "<group>"; };
		83B11E2E1B28BB3A00DE28AE /* MHKeyValuePair.h */ = {isa = PBXFileReference; fileEncoding = 4; lastKnownFileType = sourcecode.c.h; path = MHKeyValuePair.h; sourceTree = "<group>"; };
		83B11E2F1B28BB3A00DE28AE /* MHKeyValuePair.m */ = {isa = PBXFileReference; fileEncoding = 4; lastKnownFileType = sourcecode.c.objc; path = MHKeyValuePair.m; sourceTree = "<group>"; };
		83B7FC5F1B2F2A8800BD0441 /* Base */ = {isa = PBXFileReference; lastKnownFileType = text.plist.strings; name = Base; path = Base.lproj/Localizable.strings; sourceTree = "<group>"; };
		83B7FC611B2F2DC100BD0441 /* en */ = {isa = PBXFileReference; lastKnownFileType = text.plist.strings; name = en; path = en.lproj/Localizable.strings; sourceTree = "<group>"; };
		83B7FC631B2F556500BD0441 /* en */ = {isa = PBXFileReference; lastKnownFileType = text.plist.strings; name = en; path = en.lproj/Main.strings; sourceTree = "<group>"; };
		83D4CB041B023845001C9A72 /* CollapsibleExample.app */ = {isa = PBXFileReference; explicitFileType = wrapper.application; includeInIndex = 0; path = CollapsibleExample.app; sourceTree = BUILT_PRODUCTS_DIR; };
		83D4CB081B023845001C9A72 /* Info.plist */ = {isa = PBXFileReference; lastKnownFileType = text.plist.xml; path = Info.plist; sourceTree = "<group>"; };
		83D4CB091B023845001C9A72 /* main.m */ = {isa = PBXFileReference; lastKnownFileType = sourcecode.c.objc; path = main.m; sourceTree = "<group>"; };
		83D4CB0B1B023845001C9A72 /* AppDelegate.h */ = {isa = PBXFileReference; lastKnownFileType = sourcecode.c.h; path = AppDelegate.h; sourceTree = "<group>"; };
		83D4CB0C1B023845001C9A72 /* AppDelegate.m */ = {isa = PBXFileReference; lastKnownFileType = sourcecode.c.objc; path = AppDelegate.m; sourceTree = "<group>"; };
		83D4CB0F1B023845001C9A72 /* CollapsibleExample.xcdatamodel */ = {isa = PBXFileReference; lastKnownFileType = wrapper.xcdatamodel; path = CollapsibleExample.xcdatamodel; sourceTree = "<group>"; };
		83D4CB151B023845001C9A72 /* Base */ = {isa = PBXFileReference; lastKnownFileType = file.storyboard; name = Base; path = Base.lproj/Main.storyboard; sourceTree = "<group>"; };
		83D4CB171B023845001C9A72 /* Images.xcassets */ = {isa = PBXFileReference; lastKnownFileType = folder.assetcatalog; path = Images.xcassets; sourceTree = "<group>"; };
		83D4CB1A1B023845001C9A72 /* Base */ = {isa = PBXFileReference; lastKnownFileType = file.xib; name = Base; path = Base.lproj/LaunchScreen.xib; sourceTree = "<group>"; };
		83D4CB201B023845001C9A72 /* CollapsibleExampleTests.xctest */ = {isa = PBXFileReference; explicitFileType = wrapper.cfbundle; includeInIndex = 0; path = CollapsibleExampleTests.xctest; sourceTree = BUILT_PRODUCTS_DIR; };
		83D4CB251B023845001C9A72 /* Info.plist */ = {isa = PBXFileReference; lastKnownFileType = text.plist.xml; path = Info.plist; sourceTree = "<group>"; };
		83D4CB261B023845001C9A72 /* CollapsibleExampleTests.m */ = {isa = PBXFileReference; lastKnownFileType = sourcecode.c.objc; path = CollapsibleExampleTests.m; sourceTree = "<group>"; };
		83D4CB301B023875001C9A72 /* MHCollapsibleViewManager.m */ = {isa = PBXFileReference; fileEncoding = 4; lastKnownFileType = sourcecode.c.objc; name = MHCollapsibleViewManager.m; path = ../MHCollapsibleViewManager.m; sourceTree = "<group>"; };
		83D4CB311B023875001C9A72 /* FilterViewController.m */ = {isa = PBXFileReference; fileEncoding = 4; lastKnownFileType = sourcecode.c.objc; name = FilterViewController.m; path = ../FilterViewController.m; sourceTree = "<group>"; };
		83D4CB321B023875001C9A72 /* MHCollapsibleViewManager.h */ = {isa = PBXFileReference; fileEncoding = 4; lastKnownFileType = sourcecode.c.h; name = MHCollapsibleViewManager.h; path = ../MHCollapsibleViewManager.h; sourceTree = "<group>"; };
		83D4CB331B023875001C9A72 /* FilterViewController.h */ = {isa = PBXFileReference; fileEncoding = 4; lastKnownFileType = sourcecode.c.h; name = FilterViewController.h; path = ../FilterViewController.h; sourceTree = "<group>"; };
		83D4CB3A1B023875001C9A72 /* ContactTableViewController.m */ = {isa = PBXFileReference; fileEncoding = 4; lastKnownFileType = sourcecode.c.objc; name = ContactTableViewController.m; path = ../ContactTableViewController.m; sourceTree = "<group>"; };
		83D4CB3B1B023875001C9A72 /* Contact.m */ = {isa = PBXFileReference; fileEncoding = 4; lastKnownFileType = sourcecode.c.objc; name = Contact.m; path = ../Contact.m; sourceTree = "<group>"; };
		83D4CB3C1B023875001C9A72 /* Contact.h */ = {isa = PBXFileReference; fileEncoding = 4; lastKnownFileType = sourcecode.c.h; name = Contact.h; path = ../Contact.h; sourceTree = "<group>"; };
		83D4CB3D1B023875001C9A72 /* ContactTableViewController.h */ = {isa = PBXFileReference; fileEncoding = 4; lastKnownFileType = sourcecode.c.h; name = ContactTableViewController.h; path = ../ContactTableViewController.h; sourceTree = "<group>"; };
		83DB93FC1B2B7E560079D6F4 /* ExampleSubclassFilterViewController.h */ = {isa = PBXFileReference; fileEncoding = 4; lastKnownFileType = sourcecode.c.h; path = ExampleSubclassFilterViewController.h; sourceTree = "<group>"; };
		83DB93FD1B2B7E560079D6F4 /* ExampleSubclassFilterViewController.m */ = {isa = PBXFileReference; fileEncoding = 4; lastKnownFileType = sourcecode.c.objc; path = ExampleSubclassFilterViewController.m; sourceTree = "<group>"; };
/* End PBXFileReference section */

/* Begin PBXFrameworksBuildPhase section */
		83D4CB011B023845001C9A72 /* Frameworks */ = {
			isa = PBXFrameworksBuildPhase;
			buildActionMask = 2147483647;
			files = (
			);
			runOnlyForDeploymentPostprocessing = 0;
		};
		83D4CB1D1B023845001C9A72 /* Frameworks */ = {
			isa = PBXFrameworksBuildPhase;
			buildActionMask = 2147483647;
			files = (
			);
			runOnlyForDeploymentPostprocessing = 0;
		};
/* End PBXFrameworksBuildPhase section */

/* Begin PBXGroup section */
		83D4CAFB1B023845001C9A72 = {
			isa = PBXGroup;
			children = (
				83D4CB061B023845001C9A72 /* CollapsibleExample */,
				83D4CB231B023845001C9A72 /* CollapsibleExampleTests */,
				83D4CB051B023845001C9A72 /* Products */,
			);
			sourceTree = "<group>";
		};
		83D4CB051B023845001C9A72 /* Products */ = {
			isa = PBXGroup;
			children = (
				83D4CB041B023845001C9A72 /* CollapsibleExample.app */,
				83D4CB201B023845001C9A72 /* CollapsibleExampleTests.xctest */,
			);
			name = Products;
			sourceTree = "<group>";
		};
		83D4CB061B023845001C9A72 /* CollapsibleExample */ = {
			isa = PBXGroup;
			children = (
				83D4CB461B024C03001C9A72 /* Object Types */,
				83D4CB451B024BE5001C9A72 /* Controllers */,
				83D4CB0B1B023845001C9A72 /* AppDelegate.h */,
				83D4CB0C1B023845001C9A72 /* AppDelegate.m */,
				83D4CB141B023845001C9A72 /* Main.storyboard */,
				83D4CB171B023845001C9A72 /* Images.xcassets */,
				83D4CB191B023845001C9A72 /* LaunchScreen.xib */,
				83D4CB0E1B023845001C9A72 /* CollapsibleExample.xcdatamodeld */,
				83D4CB071B023845001C9A72 /* Supporting Files */,
			);
			path = CollapsibleExample;
			sourceTree = "<group>";
		};
		83D4CB071B023845001C9A72 /* Supporting Files */ = {
			isa = PBXGroup;
			children = (
				83D4CB081B023845001C9A72 /* Info.plist */,
				83D4CB091B023845001C9A72 /* main.m */,
			);
			name = "Supporting Files";
			sourceTree = "<group>";
		};
		83D4CB231B023845001C9A72 /* CollapsibleExampleTests */ = {
			isa = PBXGroup;
			children = (
				83D4CB261B023845001C9A72 /* CollapsibleExampleTests.m */,
				83D4CB241B023845001C9A72 /* Supporting Files */,
			);
			path = CollapsibleExampleTests;
			sourceTree = "<group>";
		};
		83D4CB241B023845001C9A72 /* Supporting Files */ = {
			isa = PBXGroup;
			children = (
				83D4CB251B023845001C9A72 /* Info.plist */,
			);
			name = "Supporting Files";
			sourceTree = "<group>";
		};
		83D4CB451B024BE5001C9A72 /* Controllers */ = {
			isa = PBXGroup;
			children = (
				4F22A3DB1B349C4B00CBEEA2 /* RyansFilterViewController.h */,
				4F22A3DC1B349C4B00CBEEA2 /* RyansFilterViewController.m */,
				83D4CB3D1B023875001C9A72 /* ContactTableViewController.h */,
				83D4CB3A1B023875001C9A72 /* ContactTableViewController.m */,
				83D4CB331B023875001C9A72 /* FilterViewController.h */,
				83D4CB311B023875001C9A72 /* FilterViewController.m */,
				83DB93FC1B2B7E560079D6F4 /* ExampleSubclassFilterViewController.h */,
				83DB93FD1B2B7E560079D6F4 /* ExampleSubclassFilterViewController.m */,
				83D4CB321B023875001C9A72 /* MHCollapsibleViewManager.h */,
				83D4CB301B023875001C9A72 /* MHCollapsibleViewManager.m */,
			);
			name = Controllers;
			sourceTree = "<group>";
		};
		83D4CB461B024C03001C9A72 /* Object Types */ = {
			isa = PBXGroup;
			children = (
				83B7FC601B2F2A8800BD0441 /* Localizable.strings */,
				83ACD4851B190CF9000F6F05 /* MHCollapseDownArrow.png */,
				83ACD4861B190CF9000F6F05 /* MHCollapseUpArrow.png */,
				830349C11B0BBDCD000B03C0 /* MHCollapsibleSection.h */,
				830349C21B0BBDCD000B03C0 /* MHCollapsibleSection.m */,
				83B11E2B1B28B40A00DE28AE /* MHPackagedFilter.h */,
				83B11E2C1B28B40A00DE28AE /* MHPackagedFilter.m */,
				83B11E2E1B28BB3A00DE28AE /* MHKeyValuePair.h */,
				83B11E2F1B28BB3A00DE28AE /* MHKeyValuePair.m */,
				8323EF371B0539C5006D2B63 /* MHFilterLabel.h */,
				8323EF381B0539C5006D2B63 /* MHFilterLabel.m */,
				8389AA891B0A5CC1009CBAB3 /* MHTableViewCell.h */,
				8389AA8A1B0A5CC1009CBAB3 /* MHTableViewCell.m */,
				83D4CB3B1B023875001C9A72 /* Contact.m */,
				83D4CB3C1B023875001C9A72 /* Contact.h */,
			);
			name = "Object Types";
			sourceTree = "<group>";
		};
/* End PBXGroup section */

/* Begin PBXNativeTarget section */
		83D4CB031B023845001C9A72 /* CollapsibleExample */ = {
			isa = PBXNativeTarget;
			buildConfigurationList = 83D4CB2A1B023845001C9A72 /* Build configuration list for PBXNativeTarget "CollapsibleExample" */;
			buildPhases = (
				83D4CB001B023845001C9A72 /* Sources */,
				83D4CB011B023845001C9A72 /* Frameworks */,
				83D4CB021B023845001C9A72 /* Resources */,
			);
			buildRules = (
			);
			dependencies = (
			);
			name = CollapsibleExample;
			productName = CollapsibleExample;
			productReference = 83D4CB041B023845001C9A72 /* CollapsibleExample.app */;
			productType = "com.apple.product-type.application";
		};
		83D4CB1F1B023845001C9A72 /* CollapsibleExampleTests */ = {
			isa = PBXNativeTarget;
			buildConfigurationList = 83D4CB2D1B023845001C9A72 /* Build configuration list for PBXNativeTarget "CollapsibleExampleTests" */;
			buildPhases = (
				83D4CB1C1B023845001C9A72 /* Sources */,
				83D4CB1D1B023845001C9A72 /* Frameworks */,
				83D4CB1E1B023845001C9A72 /* Resources */,
			);
			buildRules = (
			);
			dependencies = (
				83D4CB221B023845001C9A72 /* PBXTargetDependency */,
			);
			name = CollapsibleExampleTests;
			productName = CollapsibleExampleTests;
			productReference = 83D4CB201B023845001C9A72 /* CollapsibleExampleTests.xctest */;
			productType = "com.apple.product-type.bundle.unit-test";
		};
/* End PBXNativeTarget section */

/* Begin PBXProject section */
		83D4CAFC1B023845001C9A72 /* Project object */ = {
			isa = PBXProject;
			attributes = {
				LastUpgradeCheck = 0630;
				ORGANIZATIONNAME = "Lizzy Randall";
				TargetAttributes = {
					83D4CB031B023845001C9A72 = {
						CreatedOnToolsVersion = 6.3.1;
					};
					83D4CB1F1B023845001C9A72 = {
						CreatedOnToolsVersion = 6.3.1;
						TestTargetID = 83D4CB031B023845001C9A72;
					};
				};
			};
			buildConfigurationList = 83D4CAFF1B023845001C9A72 /* Build configuration list for PBXProject "CollapsibleExample" */;
			compatibilityVersion = "Xcode 3.2";
			developmentRegion = English;
			hasScannedForEncodings = 0;
			knownRegions = (
				en,
				Base,
			);
			mainGroup = 83D4CAFB1B023845001C9A72;
			productRefGroup = 83D4CB051B023845001C9A72 /* Products */;
			projectDirPath = "";
			projectRoot = "";
			targets = (
				83D4CB031B023845001C9A72 /* CollapsibleExample */,
				83D4CB1F1B023845001C9A72 /* CollapsibleExampleTests */,
			);
		};
/* End PBXProject section */

/* Begin PBXResourcesBuildPhase section */
		83D4CB021B023845001C9A72 /* Resources */ = {
			isa = PBXResourcesBuildPhase;
			buildActionMask = 2147483647;
			files = (
				83ACD4881B190CF9000F6F05 /* MHCollapseUpArrow.png in Resources */,
				83B7FC5E1B2F2A8800BD0441 /* Localizable.strings in Resources */,
				83D4CB161B023845001C9A72 /* Main.storyboard in Resources */,
				83D4CB1B1B023845001C9A72 /* LaunchScreen.xib in Resources */,
				83ACD4871B190CF9000F6F05 /* MHCollapseDownArrow.png in Resources */,
				83D4CB181B023845001C9A72 /* Images.xcassets in Resources */,
			);
			runOnlyForDeploymentPostprocessing = 0;
		};
		83D4CB1E1B023845001C9A72 /* Resources */ = {
			isa = PBXResourcesBuildPhase;
			buildActionMask = 2147483647;
			files = (
			);
			runOnlyForDeploymentPostprocessing = 0;
		};
/* End PBXResourcesBuildPhase section */

/* Begin PBXSourcesBuildPhase section */
		83D4CB001B023845001C9A72 /* Sources */ = {
			isa = PBXSourcesBuildPhase;
			buildActionMask = 2147483647;
			files = (
				8323EF391B0539C5006D2B63 /* MHFilterLabel.m in Sources */,
				83D4CB431B023875001C9A72 /* ContactTableViewController.m in Sources */,
				83D4CB101B023845001C9A72 /* CollapsibleExample.xcdatamodeld in Sources */,
				83D4CB0D1B023845001C9A72 /* AppDelegate.m in Sources */,
				4F22A3DD1B349C4B00CBEEA2 /* RyansFilterViewController.m in Sources */,
				83D4CB441B023875001C9A72 /* Contact.m in Sources */,
				83D4CB0A1B023845001C9A72 /* main.m in Sources */,
				83DB93FE1B2B7E560079D6F4 /* ExampleSubclassFilterViewController.m in Sources */,
				83B11E301B28BB3A00DE28AE /* MHKeyValuePair.m in Sources */,
				83B11E2D1B28B40A00DE28AE /* MHPackagedFilter.m in Sources */,
				83D4CB3F1B023875001C9A72 /* FilterViewController.m in Sources */,
				8389AA8B1B0A5CC1009CBAB3 /* MHTableViewCell.m in Sources */,
				83D4CB3E1B023875001C9A72 /* MHCollapsibleViewManager.m in Sources */,
				830349C31B0BBDCD000B03C0 /* MHCollapsibleSection.m in Sources */,
			);
			runOnlyForDeploymentPostprocessing = 0;
		};
		83D4CB1C1B023845001C9A72 /* Sources */ = {
			isa = PBXSourcesBuildPhase;
			buildActionMask = 2147483647;
			files = (
				83D4CB271B023845001C9A72 /* CollapsibleExampleTests.m in Sources */,
			);
			runOnlyForDeploymentPostprocessing = 0;
		};
/* End PBXSourcesBuildPhase section */

/* Begin PBXTargetDependency section */
		83D4CB221B023845001C9A72 /* PBXTargetDependency */ = {
			isa = PBXTargetDependency;
			target = 83D4CB031B023845001C9A72 /* CollapsibleExample */;
			targetProxy = 83D4CB211B023845001C9A72 /* PBXContainerItemProxy */;
		};
/* End PBXTargetDependency section */

/* Begin PBXVariantGroup section */
		83B7FC601B2F2A8800BD0441 /* Localizable.strings */ = {
			isa = PBXVariantGroup;
			children = (
				83B7FC5F1B2F2A8800BD0441 /* Base */,
				83B7FC611B2F2DC100BD0441 /* en */,
			);
			name = Localizable.strings;
			path = ..;
			sourceTree = "<group>";
		};
		83D4CB141B023845001C9A72 /* Main.storyboard */ = {
			isa = PBXVariantGroup;
			children = (
				83D4CB151B023845001C9A72 /* Base */,
				83B7FC631B2F556500BD0441 /* en */,
			);
			name = Main.storyboard;
			sourceTree = "<group>";
		};
		83D4CB191B023845001C9A72 /* LaunchScreen.xib */ = {
			isa = PBXVariantGroup;
			children = (
				83D4CB1A1B023845001C9A72 /* Base */,
			);
			name = LaunchScreen.xib;
			sourceTree = "<group>";
		};
/* End PBXVariantGroup section */

/* Begin XCBuildConfiguration section */
		83D4CB281B023845001C9A72 /* Debug */ = {
			isa = XCBuildConfiguration;
			buildSettings = {
				ALWAYS_SEARCH_USER_PATHS = NO;
				CLANG_CXX_LANGUAGE_STANDARD = "gnu++0x";
				CLANG_CXX_LIBRARY = "libc++";
				CLANG_ENABLE_MODULES = YES;
				CLANG_ENABLE_OBJC_ARC = YES;
				CLANG_WARN_BOOL_CONVERSION = YES;
				CLANG_WARN_CONSTANT_CONVERSION = YES;
				CLANG_WARN_DIRECT_OBJC_ISA_USAGE = YES_ERROR;
				CLANG_WARN_EMPTY_BODY = YES;
				CLANG_WARN_ENUM_CONVERSION = YES;
				CLANG_WARN_INT_CONVERSION = YES;
				CLANG_WARN_OBJC_ROOT_CLASS = YES_ERROR;
				CLANG_WARN_UNREACHABLE_CODE = YES;
				CLANG_WARN__DUPLICATE_METHOD_MATCH = YES;
				"CODE_SIGN_IDENTITY[sdk=iphoneos*]" = "iPhone Developer";
				COPY_PHASE_STRIP = NO;
				DEBUG_INFORMATION_FORMAT = "dwarf-with-dsym";
				ENABLE_STRICT_OBJC_MSGSEND = YES;
				GCC_C_LANGUAGE_STANDARD = gnu99;
				GCC_DYNAMIC_NO_PIC = NO;
				GCC_NO_COMMON_BLOCKS = YES;
				GCC_OPTIMIZATION_LEVEL = 0;
				GCC_PREPROCESSOR_DEFINITIONS = (
					"DEBUG=1",
					"$(inherited)",
				);
				GCC_SYMBOLS_PRIVATE_EXTERN = NO;
				GCC_WARN_64_TO_32_BIT_CONVERSION = YES;
				GCC_WARN_ABOUT_RETURN_TYPE = YES_ERROR;
				GCC_WARN_UNDECLARED_SELECTOR = YES;
				GCC_WARN_UNINITIALIZED_AUTOS = YES_AGGRESSIVE;
				GCC_WARN_UNUSED_FUNCTION = YES;
				GCC_WARN_UNUSED_VARIABLE = YES;
				IPHONEOS_DEPLOYMENT_TARGET = 8.3;
				MTL_ENABLE_DEBUG_INFO = YES;
				ONLY_ACTIVE_ARCH = YES;
				SDKROOT = iphoneos;
			};
			name = Debug;
		};
		83D4CB291B023845001C9A72 /* Release */ = {
			isa = XCBuildConfiguration;
			buildSettings = {
				ALWAYS_SEARCH_USER_PATHS = NO;
				CLANG_CXX_LANGUAGE_STANDARD = "gnu++0x";
				CLANG_CXX_LIBRARY = "libc++";
				CLANG_ENABLE_MODULES = YES;
				CLANG_ENABLE_OBJC_ARC = YES;
				CLANG_WARN_BOOL_CONVERSION = YES;
				CLANG_WARN_CONSTANT_CONVERSION = YES;
				CLANG_WARN_DIRECT_OBJC_ISA_USAGE = YES_ERROR;
				CLANG_WARN_EMPTY_BODY = YES;
				CLANG_WARN_ENUM_CONVERSION = YES;
				CLANG_WARN_INT_CONVERSION = YES;
				CLANG_WARN_OBJC_ROOT_CLASS = YES_ERROR;
				CLANG_WARN_UNREACHABLE_CODE = YES;
				CLANG_WARN__DUPLICATE_METHOD_MATCH = YES;
				"CODE_SIGN_IDENTITY[sdk=iphoneos*]" = "iPhone Developer";
				COPY_PHASE_STRIP = NO;
				DEBUG_INFORMATION_FORMAT = "dwarf-with-dsym";
				ENABLE_NS_ASSERTIONS = NO;
				ENABLE_STRICT_OBJC_MSGSEND = YES;
				GCC_C_LANGUAGE_STANDARD = gnu99;
				GCC_NO_COMMON_BLOCKS = YES;
				GCC_WARN_64_TO_32_BIT_CONVERSION = YES;
				GCC_WARN_ABOUT_RETURN_TYPE = YES_ERROR;
				GCC_WARN_UNDECLARED_SELECTOR = YES;
				GCC_WARN_UNINITIALIZED_AUTOS = YES_AGGRESSIVE;
				GCC_WARN_UNUSED_FUNCTION = YES;
				GCC_WARN_UNUSED_VARIABLE = YES;
				IPHONEOS_DEPLOYMENT_TARGET = 8.3;
				MTL_ENABLE_DEBUG_INFO = NO;
				SDKROOT = iphoneos;
				VALIDATE_PRODUCT = YES;
			};
			name = Release;
		};
		83D4CB2B1B023845001C9A72 /* Debug */ = {
			isa = XCBuildConfiguration;
			buildSettings = {
				ASSETCATALOG_COMPILER_APPICON_NAME = AppIcon;
				INFOPLIST_FILE = CollapsibleExample/Info.plist;
				IPHONEOS_DEPLOYMENT_TARGET = 6.0;
				LD_RUNPATH_SEARCH_PATHS = "$(inherited) @executable_path/Frameworks";
				PRODUCT_NAME = "$(TARGET_NAME)";
			};
			name = Debug;
		};
		83D4CB2C1B023845001C9A72 /* Release */ = {
			isa = XCBuildConfiguration;
			buildSettings = {
				ASSETCATALOG_COMPILER_APPICON_NAME = AppIcon;
				INFOPLIST_FILE = CollapsibleExample/Info.plist;
				IPHONEOS_DEPLOYMENT_TARGET = 6.0;
				LD_RUNPATH_SEARCH_PATHS = "$(inherited) @executable_path/Frameworks";
				PRODUCT_NAME = "$(TARGET_NAME)";
			};
			name = Release;
		};
		83D4CB2E1B023845001C9A72 /* Debug */ = {
			isa = XCBuildConfiguration;
			buildSettings = {
				BUNDLE_LOADER = "$(TEST_HOST)";
				FRAMEWORK_SEARCH_PATHS = (
					"$(SDKROOT)/Developer/Library/Frameworks",
					"$(inherited)",
				);
				GCC_PREPROCESSOR_DEFINITIONS = (
					"DEBUG=1",
					"$(inherited)",
				);
				INFOPLIST_FILE = CollapsibleExampleTests/Info.plist;
				LD_RUNPATH_SEARCH_PATHS = "$(inherited) @executable_path/Frameworks @loader_path/Frameworks";
				PRODUCT_NAME = "$(TARGET_NAME)";
				TEST_HOST = "$(BUILT_PRODUCTS_DIR)/CollapsibleExample.app/CollapsibleExample";
			};
			name = Debug;
		};
		83D4CB2F1B023845001C9A72 /* Release */ = {
			isa = XCBuildConfiguration;
			buildSettings = {
				BUNDLE_LOADER = "$(TEST_HOST)";
				FRAMEWORK_SEARCH_PATHS = (
					"$(SDKROOT)/Developer/Library/Frameworks",
					"$(inherited)",
				);
				INFOPLIST_FILE = CollapsibleExampleTests/Info.plist;
				LD_RUNPATH_SEARCH_PATHS = "$(inherited) @executable_path/Frameworks @loader_path/Frameworks";
				PRODUCT_NAME = "$(TARGET_NAME)";
				TEST_HOST = "$(BUILT_PRODUCTS_DIR)/CollapsibleExample.app/CollapsibleExample";
			};
			name = Release;
		};
/* End XCBuildConfiguration section */

/* Begin XCConfigurationList section */
		83D4CAFF1B023845001C9A72 /* Build configuration list for PBXProject "CollapsibleExample" */ = {
			isa = XCConfigurationList;
			buildConfigurations = (
				83D4CB281B023845001C9A72 /* Debug */,
				83D4CB291B023845001C9A72 /* Release */,
			);
			defaultConfigurationIsVisible = 0;
			defaultConfigurationName = Release;
		};
		83D4CB2A1B023845001C9A72 /* Build configuration list for PBXNativeTarget "CollapsibleExample" */ = {
			isa = XCConfigurationList;
			buildConfigurations = (
				83D4CB2B1B023845001C9A72 /* Debug */,
				83D4CB2C1B023845001C9A72 /* Release */,
			);
			defaultConfigurationIsVisible = 0;
			defaultConfigurationName = Release;
		};
		83D4CB2D1B023845001C9A72 /* Build configuration list for PBXNativeTarget "CollapsibleExampleTests" */ = {
			isa = XCConfigurationList;
			buildConfigurations = (
				83D4CB2E1B023845001C9A72 /* Debug */,
				83D4CB2F1B023845001C9A72 /* Release */,
			);
			defaultConfigurationIsVisible = 0;
			defaultConfigurationName = Release;
		};
/* End XCConfigurationList section */

/* Begin XCVersionGroup section */
		83D4CB0E1B023845001C9A72 /* CollapsibleExample.xcdatamodeld */ = {
			isa = XCVersionGroup;
			children = (
				83D4CB0F1B023845001C9A72 /* CollapsibleExample.xcdatamodel */,
			);
			currentVersion = 83D4CB0F1B023845001C9A72 /* CollapsibleExample.xcdatamodel */;
			path = CollapsibleExample.xcdatamodeld;
			sourceTree = "<group>";
			versionGroupType = wrapper.xcdatamodel;
		};
/* End XCVersionGroup section */
	};
	rootObject = 83D4CAFC1B023845001C9A72 /* Project object */;
}
